
Microsoft Visual Studio Solution File, Format Version 12.00
# Visual Studio 15
VisualStudioVersion = 15.0.35826.109
MinimumVisualStudioVersion = 10.0.40219.1
Project("{159641D6-6404-4A2A-AE62-294DE0FE8301}") = "CDW_App_Dev", "CDW_App_Dev.dtproj", "{B939EA40-70A7-47B8-9700-462F55529E3C}"
EndProject
Global
	GlobalSection(SolutionConfigurationPlatforms) = preSolution
		Development|Default = Development|Default
	EndGlobalSection
	GlobalSection(ProjectConfigurationPlatforms) = postSolution
		{B939EA40-70A7-47B8-9700-462F55529E3C}.Development|Default.ActiveCfg = Development
		{B939EA40-70A7-47B8-9700-462F55529E3C}.Development|Default.Build.0 = Development
	EndGlobalSection
	GlobalSection(SolutionProperties) = preSolution
		HideSolutionNode = FALSE
	EndGlobalSection
	GlobalSection(ExtensibilityGlobals) = postSolution
		SolutionGuid = {819E8DF3-F0DA-4D18-8488-4DC5C726C516}
	EndGlobalSection
EndGlobal
